
Microsoft Visual Studio Solution File, Format Version 12.00
# Visual Studio 15
VisualStudioVersion = 15.0.28307.902
MinimumVisualStudioVersion = 10.0.40219.1
Project("{FAE04EC0-301F-11D3-BF4B-00C04F79EFBC}") = "PracticeProblems", "PracticeProblems\PracticeProblems.csproj", "{8B6EE8B9-FF7F-4C27-A144-CC5BF255646B}"
EndProject
Global
	GlobalSection(SolutionConfigurationPlatforms) = preSolution
		Debug|Any CPU = Debug|Any CPU
		Release|Any CPU = Release|Any CPU
	EndGlobalSection
	GlobalSection(ProjectConfigurationPlatforms) = postSolution
		{8B6EE8B9-FF7F-4C27-A144-CC5BF255646B}.Debug|Any CPU.ActiveCfg = Debug|Any CPU
		{8B6EE8B9-FF7F-4C27-A144-CC5BF255646B}.Debug|Any CPU.Build.0 = Debug|Any CPU
		{8B6EE8B9-FF7F-4C27-A144-CC5BF255646B}.Release|Any CPU.ActiveCfg = Release|Any CPU
		{8B6EE8B9-FF7F-4C27-A144-CC5BF255646B}.Release|Any CPU.Build.0 = Release|Any CPU
	EndGlobalSection
	GlobalSection(SolutionProperties) = preSolution
		HideSolutionNode = FALSE
	EndGlobalSection
	GlobalSection(ExtensibilityGlobals) = postSolution
		SolutionGuid = {640689F7-AA3A-423E-88AC-C233DBADA667}
	EndGlobalSection
EndGlobal
